
Microsoft Visual Studio Solution File, Format Version 12.00
# Visual Studio Version 17
VisualStudioVersion = 17.0.31903.59
MinimumVisualStudioVersion = 10.0.40219.1
Project("{2150E333-8FDC-42A3-9474-1A3956D46DE8}") = "src", "src", "{02EA681E-C7D8-13C7-8484-4AC65E1B71E8}"
EndProject
Project("{FAE04EC0-301F-11D3-BF4B-00C04F79EFBC}") = "TaskHub.Api", "src\TaskHub.Api\TaskHub.Api.csproj", "{39EDD0D7-BACC-429F-A793-BE1B5AE7B1D3}"
EndProject
Global
	GlobalSection(SolutionConfigurationPlatforms) = preSolution
		Debug|Any CPU = Debug|Any CPU
		Release|Any CPU = Release|Any CPU
	EndGlobalSection
	GlobalSection(ProjectConfigurationPlatforms) = postSolution
		{39EDD0D7-BACC-429F-A793-BE1B5AE7B1D3}.Debug|Any CPU.ActiveCfg = Debug|Any CPU
		{39EDD0D7-BACC-429F-A793-BE1B5AE7B1D3}.Debug|Any CPU.Build.0 = Debug|Any CPU
		{39EDD0D7-BACC-429F-A793-BE1B5AE7B1D3}.Release|Any CPU.ActiveCfg = Release|Any CPU
		{39EDD0D7-BACC-429F-A793-BE1B5AE7B1D3}.Release|Any CPU.Build.0 = Release|Any CPU
	EndGlobalSection
	GlobalSection(SolutionProperties) = preSolution
		HideSolutionNode = FALSE
	EndGlobalSection
	GlobalSection(NestedProjects) = preSolution
		{39EDD0D7-BACC-429F-A793-BE1B5AE7B1D3} = {02EA681E-C7D8-13C7-8484-4AC65E1B71E8}
	EndGlobalSection
	GlobalSection(ExtensibilityGlobals) = postSolution
		SolutionGuid = {0A77DB72-C4F6-4148-BECE-10C7CFBB5E90}
	EndGlobalSection
EndGlobal
